
Microsoft Visual Studio Solution File, Format Version 12.00
# Visual Studio 2012
Project("{FAE04EC0-301F-11D3-BF4B-00C04F79EFBC}") = "ProbeGateway", "ProbeGateway\ProbeGateway.csproj", "{A08C251B-11FC-4E7A-89BA-50756A84C470}"
EndProject
Project("{FAE04EC0-301F-11D3-BF4B-00C04F79EFBC}") = "SensorTester", "SensorTester\SensorTester.csproj", "{0BDBA0B7-4E8E-425C-A1DE-916EAF794A86}"
EndProject
Project("{FAE04EC0-301F-11D3-BF4B-00C04F79EFBC}") = "ProbUTest", "ProbUTest\ProbUTest.csproj", "{F6B457D5-7823-41AF-95C7-0EF7BB373A66}"
EndProject
Project("{FAE04EC0-301F-11D3-BF4B-00C04F79EFBC}") = "FileMaintenance", "FileMaintenance\FileMaintenance.csproj", "{560F620A-ADBD-4C12-8364-0B28CED1E055}"
EndProject
Project("{FAE04EC0-301F-11D3-BF4B-00C04F79EFBC}") = "FMaintenaceUnitTest", "FMaintenaceUnitTest\FMaintenaceUnitTest.csproj", "{F3352DC0-7876-4D8C-A137-DD5F836FD62C}"
EndProject
Project("{FAE04EC0-301F-11D3-BF4B-00C04F79EFBC}") = "MaintenanceJobClient", "MaintenanceJobClient\MaintenanceJobClient.csproj", "{FDD0E6FA-28A9-4AB0-B27A-CCB117AE9F86}"
EndProject
Project("{FAE04EC0-301F-11D3-BF4B-00C04F79EFBC}") = "PerceiverRestfulService", "PerceiverAPIService\PerceiverRestfulService.csproj", "{79C40A14-F0CB-4482-9710-802CB89AEE34}"
EndProject
Project("{FAE04EC0-301F-11D3-BF4B-00C04F79EFBC}") = "PerceiverACL", "PerceiverACL\PerceiverACL.csproj", "{6457C9D6-D51E-4CCA-8915-C8AB58D66AA9}"
EndProject
Project("{FAE04EC0-301F-11D3-BF4B-00C04F79EFBC}") = "PerceiverDAL", "PerceiverDAL\PerceiverDAL.csproj", "{8F2E96D2-C453-4FEA-869C-1D05D18A8421}"
EndProject
Project("{FAE04EC0-301F-11D3-BF4B-00C04F79EFBC}") = "CRESapi", "CRESapi\CRESapi.csproj", "{15B3E0D2-6217-493A-A690-158C497F5318}"
EndProject
Global
	GlobalSection(SolutionConfigurationPlatforms) = preSolution
		Debug|Any CPU = Debug|Any CPU
		Debug|Mixed Platforms = Debug|Mixed Platforms
		Debug|x86 = Debug|x86
		Release|Any CPU = Release|Any CPU
		Release|Mixed Platforms = Release|Mixed Platforms
		Release|x86 = Release|x86
	EndGlobalSection
	GlobalSection(ProjectConfigurationPlatforms) = postSolution
		{A08C251B-11FC-4E7A-89BA-50756A84C470}.Debug|Any CPU.ActiveCfg = Debug|Any CPU
		{A08C251B-11FC-4E7A-89BA-50756A84C470}.Debug|Any CPU.Build.0 = Debug|Any CPU
		{A08C251B-11FC-4E7A-89BA-50756A84C470}.Debug|Mixed Platforms.ActiveCfg = Debug|x86
		{A08C251B-11FC-4E7A-89BA-50756A84C470}.Debug|Mixed Platforms.Build.0 = Debug|x86
		{A08C251B-11FC-4E7A-89BA-50756A84C470}.Debug|x86.ActiveCfg = Release|x86
		{A08C251B-11FC-4E7A-89BA-50756A84C470}.Debug|x86.Build.0 = Release|x86
		{A08C251B-11FC-4E7A-89BA-50756A84C470}.Release|Any CPU.ActiveCfg = Release|Any CPU
		{A08C251B-11FC-4E7A-89BA-50756A84C470}.Release|Any CPU.Build.0 = Release|Any CPU
		{A08C251B-11FC-4E7A-89BA-50756A84C470}.Release|Mixed Platforms.ActiveCfg = Release|x86
		{A08C251B-11FC-4E7A-89BA-50756A84C470}.Release|Mixed Platforms.Build.0 = Release|x86
		{A08C251B-11FC-4E7A-89BA-50756A84C470}.Release|x86.ActiveCfg = Release|x86
		{A08C251B-11FC-4E7A-89BA-50756A84C470}.Release|x86.Build.0 = Release|x86
		{0BDBA0B7-4E8E-425C-A1DE-916EAF794A86}.Debug|Any CPU.ActiveCfg = Debug|Any CPU
		{0BDBA0B7-4E8E-425C-A1DE-916EAF794A86}.Debug|Any CPU.Build.0 = Debug|Any CPU
		{0BDBA0B7-4E8E-425C-A1DE-916EAF794A86}.Debug|Mixed Platforms.ActiveCfg = Debug|Any CPU
		{0BDBA0B7-4E8E-425C-A1DE-916EAF794A86}.Debug|Mixed Platforms.Build.0 = Debug|Any CPU
		{0BDBA0B7-4E8E-425C-A1DE-916EAF794A86}.Debug|x86.ActiveCfg = Debug|Any CPU
		{0BDBA0B7-4E8E-425C-A1DE-916EAF794A86}.Release|Any CPU.ActiveCfg = Release|Any CPU
		{0BDBA0B7-4E8E-425C-A1DE-916EAF794A86}.Release|Any CPU.Build.0 = Release|Any CPU
		{0BDBA0B7-4E8E-425C-A1DE-916EAF794A86}.Release|Mixed Platforms.ActiveCfg = Release|x86
		{0BDBA0B7-4E8E-425C-A1DE-916EAF794A86}.Release|Mixed Platforms.Build.0 = Release|x86
		{0BDBA0B7-4E8E-425C-A1DE-916EAF794A86}.Release|x86.ActiveCfg = Release|Any CPU
		{F6B457D5-7823-41AF-95C7-0EF7BB373A66}.Debug|Any CPU.ActiveCfg = Debug|Any CPU
		{F6B457D5-7823-41AF-95C7-0EF7BB373A66}.Debug|Any CPU.Build.0 = Debug|Any CPU
		{F6B457D5-7823-41AF-95C7-0EF7BB373A66}.Debug|Mixed Platforms.ActiveCfg = Debug|Any CPU
		{F6B457D5-7823-41AF-95C7-0EF7BB373A66}.Debug|Mixed Platforms.Build.0 = Debug|Any CPU
		{F6B457D5-7823-41AF-95C7-0EF7BB373A66}.Debug|x86.ActiveCfg = Debug|Any CPU
		{F6B457D5-7823-41AF-95C7-0EF7BB373A66}.Release|Any CPU.ActiveCfg = Release|Any CPU
		{F6B457D5-7823-41AF-95C7-0EF7BB373A66}.Release|Any CPU.Build.0 = Release|Any CPU
		{F6B457D5-7823-41AF-95C7-0EF7BB373A66}.Release|Mixed Platforms.ActiveCfg = Release|x86
		{F6B457D5-7823-41AF-95C7-0EF7BB373A66}.Release|Mixed Platforms.Build.0 = Release|x86
		{F6B457D5-7823-41AF-95C7-0EF7BB373A66}.Release|x86.ActiveCfg = Release|Any CPU
		{560F620A-ADBD-4C12-8364-0B28CED1E055}.Debug|Any CPU.ActiveCfg = Debug|Any CPU
		{560F620A-ADBD-4C12-8364-0B28CED1E055}.Debug|Any CPU.Build.0 = Debug|Any CPU
		{560F620A-ADBD-4C12-8364-0B28CED1E055}.Debug|Mixed Platforms.ActiveCfg = Debug|Any CPU
		{560F620A-ADBD-4C12-8364-0B28CED1E055}.Debug|Mixed Platforms.Build.0 = Debug|Any CPU
		{560F620A-ADBD-4C12-8364-0B28CED1E055}.Debug|x86.ActiveCfg = Debug|Any CPU
		{560F620A-ADBD-4C12-8364-0B28CED1E055}.Release|Any CPU.ActiveCfg = Release|Any CPU
		{560F620A-ADBD-4C12-8364-0B28CED1E055}.Release|Any CPU.Build.0 = Release|Any CPU
		{560F620A-ADBD-4C12-8364-0B28CED1E055}.Release|Mixed Platforms.ActiveCfg = Release|x86
		{560F620A-ADBD-4C12-8364-0B28CED1E055}.Release|Mixed Platforms.Build.0 = Release|x86
		{560F620A-ADBD-4C12-8364-0B28CED1E055}.Release|x86.ActiveCfg = Release|Any CPU
		{F3352DC0-7876-4D8C-A137-DD5F836FD62C}.Debug|Any CPU.ActiveCfg = Debug|Any CPU
		{F3352DC0-7876-4D8C-A137-DD5F836FD62C}.Debug|Any CPU.Build.0 = Debug|Any CPU
		{F3352DC0-7876-4D8C-A137-DD5F836FD62C}.Debug|Mixed Platforms.ActiveCfg = Debug|Any CPU
		{F3352DC0-7876-4D8C-A137-DD5F836FD62C}.Debug|Mixed Platforms.Build.0 = Debug|Any CPU
		{F3352DC0-7876-4D8C-A137-DD5F836FD62C}.Debug|x86.ActiveCfg = Debug|Any CPU
		{F3352DC0-7876-4D8C-A137-DD5F836FD62C}.Release|Any CPU.ActiveCfg = Release|Any CPU
		{F3352DC0-7876-4D8C-A137-DD5F836FD62C}.Release|Any CPU.Build.0 = Release|Any CPU
		{F3352DC0-7876-4D8C-A137-DD5F836FD62C}.Release|Mixed Platforms.ActiveCfg = Release|Any CPU
		{F3352DC0-7876-4D8C-A137-DD5F836FD62C}.Release|Mixed Platforms.Build.0 = Release|Any CPU
		{F3352DC0-7876-4D8C-A137-DD5F836FD62C}.Release|x86.ActiveCfg = Release|Any CPU
		{FDD0E6FA-28A9-4AB0-B27A-CCB117AE9F86}.Debug|Any CPU.ActiveCfg = Debug|Any CPU
		{FDD0E6FA-28A9-4AB0-B27A-CCB117AE9F86}.Debug|Any CPU.Build.0 = Debug|Any CPU
		{FDD0E6FA-28A9-4AB0-B27A-CCB117AE9F86}.Debug|Mixed Platforms.ActiveCfg = Debug|Any CPU
		{FDD0E6FA-28A9-4AB0-B27A-CCB117AE9F86}.Debug|Mixed Platforms.Build.0 = Debug|Any CPU
		{FDD0E6FA-28A9-4AB0-B27A-CCB117AE9F86}.Debug|x86.ActiveCfg = Debug|Any CPU
		{FDD0E6FA-28A9-4AB0-B27A-CCB117AE9F86}.Release|Any CPU.ActiveCfg = Release|Any CPU
		{FDD0E6FA-28A9-4AB0-B27A-CCB117AE9F86}.Release|Any CPU.Build.0 = Release|Any CPU
		{FDD0E6FA-28A9-4AB0-B27A-CCB117AE9F86}.Release|Mixed Platforms.ActiveCfg = Release|Any CPU
		{FDD0E6FA-28A9-4AB0-B27A-CCB117AE9F86}.Release|Mixed Platforms.Build.0 = Release|Any CPU
		{FDD0E6FA-28A9-4AB0-B27A-CCB117AE9F86}.Release|x86.ActiveCfg = Release|Any CPU
		{79C40A14-F0CB-4482-9710-802CB89AEE34}.Debug|Any CPU.ActiveCfg = Debug|Any CPU
		{79C40A14-F0CB-4482-9710-802CB89AEE34}.Debug|Any CPU.Build.0 = Debug|Any CPU
		{79C40A14-F0CB-4482-9710-802CB89AEE34}.Debug|Mixed Platforms.ActiveCfg = Debug|Any CPU
		{79C40A14-F0CB-4482-9710-802CB89AEE34}.Debug|Mixed Platforms.Build.0 = Debug|Any CPU
		{79C40A14-F0CB-4482-9710-802CB89AEE34}.Debug|x86.ActiveCfg = Debug|Any CPU
		{79C40A14-F0CB-4482-9710-802CB89AEE34}.Release|Any CPU.ActiveCfg = Release|Any CPU
		{79C40A14-F0CB-4482-9710-802CB89AEE34}.Release|Any CPU.Build.0 = Release|Any CPU
		{79C40A14-F0CB-4482-9710-802CB89AEE34}.Release|Mixed Platforms.ActiveCfg = Release|Any CPU
		{79C40A14-F0CB-4482-9710-802CB89AEE34}.Release|Mixed Platforms.Build.0 = Release|Any CPU
		{79C40A14-F0CB-4482-9710-802CB89AEE34}.Release|x86.ActiveCfg = Release|Any CPU
		{6457C9D6-D51E-4CCA-8915-C8AB58D66AA9}.Debug|Any CPU.ActiveCfg = Debug|Any CPU
		{6457C9D6-D51E-4CCA-8915-C8AB58D66AA9}.Debug|Any CPU.Build.0 = Debug|Any CPU
		{6457C9D6-D51E-4CCA-8915-C8AB58D66AA9}.Debug|Mixed Platforms.ActiveCfg = Debug|Any CPU
		{6457C9D6-D51E-4CCA-8915-C8AB58D66AA9}.Debug|Mixed Platforms.Build.0 = Debug|Any CPU
		{6457C9D6-D51E-4CCA-8915-C8AB58D66AA9}.Debug|x86.ActiveCfg = Debug|Any CPU
		{6457C9D6-D51E-4CCA-8915-C8AB58D66AA9}.Release|Any CPU.ActiveCfg = Release|Any CPU
		{6457C9D6-D51E-4CCA-8915-C8AB58D66AA9}.Release|Any CPU.Build.0 = Release|Any CPU
		{6457C9D6-D51E-4CCA-8915-C8AB58D66AA9}.Release|Mixed Platforms.ActiveCfg = Release|Any CPU
		{6457C9D6-D51E-4CCA-8915-C8AB58D66AA9}.Release|Mixed Platforms.Build.0 = Release|Any CPU
		{6457C9D6-D51E-4CCA-8915-C8AB58D66AA9}.Release|x86.ActiveCfg = Release|Any CPU
		{8F2E96D2-C453-4FEA-869C-1D05D18A8421}.Debug|Any CPU.ActiveCfg = Debug|Any CPU
		{8F2E96D2-C453-4FEA-869C-1D05D18A8421}.Debug|Any CPU.Build.0 = Debug|Any CPU
		{8F2E96D2-C453-4FEA-869C-1D05D18A8421}.Debug|Mixed Platforms.ActiveCfg = Debug|Any CPU
		{8F2E96D2-C453-4FEA-869C-1D05D18A8421}.Debug|Mixed Platforms.Build.0 = Debug|Any CPU
		{8F2E96D2-C453-4FEA-869C-1D05D18A8421}.Debug|x86.ActiveCfg = Debug|Any CPU
		{8F2E96D2-C453-4FEA-869C-1D05D18A8421}.Release|Any CPU.ActiveCfg = Release|Any CPU
		{8F2E96D2-C453-4FEA-869C-1D05D18A8421}.Release|Any CPU.Build.0 = Release|Any CPU
		{8F2E96D2-C453-4FEA-869C-1D05D18A8421}.Release|Mixed Platforms.ActiveCfg = Release|Any CPU
		{8F2E96D2-C453-4FEA-869C-1D05D18A8421}.Release|Mixed Platforms.Build.0 = Release|Any CPU
		{8F2E96D2-C453-4FEA-869C-1D05D18A8421}.Release|x86.ActiveCfg = Release|Any CPU
		{15B3E0D2-6217-493A-A690-158C497F5318}.Debug|Any CPU.ActiveCfg = Debug|Any CPU
		{15B3E0D2-6217-493A-A690-158C497F5318}.Debug|Any CPU.Build.0 = Debug|Any CPU
		{15B3E0D2-6217-493A-A690-158C497F5318}.Debug|Mixed Platforms.ActiveCfg = Debug|Any CPU
		{15B3E0D2-6217-493A-A690-158C497F5318}.Debug|Mixed Platforms.Build.0 = Debug|Any CPU
		{15B3E0D2-6217-493A-A690-158C497F5318}.Debug|x86.ActiveCfg = Debug|Any CPU
		{15B3E0D2-6217-493A-A690-158C497F5318}.Release|Any CPU.ActiveCfg = Release|Any CPU
		{15B3E0D2-6217-493A-A690-158C497F5318}.Release|Any CPU.Build.0 = Release|Any CPU
		{15B3E0D2-6217-493A-A690-158C497F5318}.Release|Mixed Platforms.ActiveCfg = Release|Any CPU
		{15B3E0D2-6217-493A-A690-158C497F5318}.Release|Mixed Platforms.Build.0 = Release|Any CPU
		{15B3E0D2-6217-493A-A690-158C497F5318}.Release|x86.ActiveCfg = Release|Any CPU
	EndGlobalSection
	GlobalSection(SolutionProperties) = preSolution
		HideSolutionNode = FALSE
	EndGlobalSection
EndGlobal
